
Microsoft Visual Studio Solution File, Format Version 12.00
# Visual Studio 15
Project("{FAE04EC0-301F-11D3-BF4B-00C04F79EFBC}") = "Assembly-CSharp", "Assembly-CSharp.csproj", "{B664C4D8-92CE-0AA7-AB17-CE41A6D3A6AB}"
EndProject
Project("{FAE04EC0-301F-11D3-BF4B-00C04F79EFBC}") = "Assembly-CSharp-firstpass", "Assembly-CSharp-firstpass.csproj", "{8A15BE59-6AA6-EEF7-3EBC-3550AD116833}"
EndProject
Project("{FAE04EC0-301F-11D3-BF4B-00C04F79EFBC}") = "Assembly-CSharp-Editor-firstpass", "Assembly-CSharp-Editor-firstpass.csproj", "{CAF38BCB-1314-7557-565F-B57C0514EDAF}"
EndProject
Global
	GlobalSection(SolutionConfigurationPlatforms) = preSolution
		Debug|Any CPU = Debug|Any CPU
		Release|Any CPU = Release|Any CPU
	EndGlobalSection
	GlobalSection(ProjectConfigurationPlatforms) = postSolution
		{B664C4D8-92CE-0AA7-AB17-CE41A6D3A6AB}.Debug|Any CPU.ActiveCfg = Debug|Any CPU
		{B664C4D8-92CE-0AA7-AB17-CE41A6D3A6AB}.Debug|Any CPU.Build.0 = Debug|Any CPU
		{B664C4D8-92CE-0AA7-AB17-CE41A6D3A6AB}.Release|Any CPU.ActiveCfg = Release|Any CPU
		{B664C4D8-92CE-0AA7-AB17-CE41A6D3A6AB}.Release|Any CPU.Build.0 = Release|Any CPU
		{8A15BE59-6AA6-EEF7-3EBC-3550AD116833}.Debug|Any CPU.ActiveCfg = Debug|Any CPU
		{8A15BE59-6AA6-EEF7-3EBC-3550AD116833}.Debug|Any CPU.Build.0 = Debug|Any CPU
		{8A15BE59-6AA6-EEF7-3EBC-3550AD116833}.Release|Any CPU.ActiveCfg = Release|Any CPU
		{8A15BE59-6AA6-EEF7-3EBC-3550AD116833}.Release|Any CPU.Build.0 = Release|Any CPU
		{CAF38BCB-1314-7557-565F-B57C0514EDAF}.Debug|Any CPU.ActiveCfg = Debug|Any CPU
		{CAF38BCB-1314-7557-565F-B57C0514EDAF}.Debug|Any CPU.Build.0 = Debug|Any CPU
		{CAF38BCB-1314-7557-565F-B57C0514EDAF}.Release|Any CPU.ActiveCfg = Release|Any CPU
		{CAF38BCB-1314-7557-565F-B57C0514EDAF}.Release|Any CPU.Build.0 = Release|Any CPU
	EndGlobalSection
	GlobalSection(SolutionProperties) = preSolution
		HideSolutionNode = FALSE
	EndGlobalSection
	GlobalSection(MonoDevelopProperties) = preSolution
		StartupItem = Assembly-CSharp.csproj
	EndGlobalSection
EndGlobal
